<?xml version="1.0" encoding="utf-8"?>
<Project ToolsVersion="4.0" xmlns="http://schemas.microsoft.com/developer/msbuild/2003">
  <ItemGroup>
    <Filter Include="win32">
      <UniqueIdentifier>{84a8ebd7-7cf0-47f6-b75e-d441df67da40}</UniqueIdentifier>
    </Filter>
    <Filter Include="resource">
      <UniqueIdentifier>{715254bc-d70b-4ec5-bf29-467dd3ace079}</UniqueIdentifier>
    </Filter>
    <Filter Include="src">
      <UniqueIdentifier>{bb6c862e-70e9-49d9-81b7-3829a6f50471}</UniqueIdentifier>
    </Filter>
    <Filter Include="json">
      <UniqueIdentifier>{da50dda2-3343-4179-abbf-06fcb9262faf}</UniqueIdentifier>
    </Filter>
    <Filter Include="src\Main">
      <UniqueIdentifier>{c6a4643a-91af-4fa5-a683-25836d228f55}</UniqueIdentifier>
    </Filter>
    <Filter Include="src\AI">
      <UniqueIdentifier>{ba5b7b10-149b-4ebe-8661-bae116db1c5c}</UniqueIdentifier>
    </Filter>
    <Filter Include="src\Scenes">
      <UniqueIdentifier>{d121e3cf-51fe-4c1d-b9d5-d294aaae48b8}</UniqueIdentifier>
    </Filter>
    <Filter Include="src\Scenes\SceneTest">
      <UniqueIdentifier>{57faac95-eb91-46b5-8321-bec2576d14ea}</UniqueIdentifier>
    </Filter>
    <Filter Include="src\GUI tools">
      <UniqueIdentifier>{0d395ab3-ebe4-4e67-bce2-2c330d3c291b}</UniqueIdentifier>
    </Filter>
    <Filter Include="src\Data Interface">
      <UniqueIdentifier>{d3f23db1-cf9d-4a60-bccd-6c0fc38eb13b}</UniqueIdentifier>
    </Filter>
    <Filter Include="src\GUI tools\BIMTest">
      <UniqueIdentifier>{6e5cbf31-a193-4c63-a0d7-5b3de571abdf}</UniqueIdentifier>
    </Filter>
    <Filter Include="src\BattleInfoAPI">
      <UniqueIdentifier>{1f9b3a0d-118d-4ca8-b4b2-709a3c2223f4}</UniqueIdentifier>
    </Filter>
    <Filter Include="src\Scenes\PlayScene">
      <UniqueIdentifier>{ff9072be-03d0-47ba-b19a-379e3b97b072}</UniqueIdentifier>
    </Filter>
    <Filter Include="src\Scenes\CardCollectionScenes">
      <UniqueIdentifier>{ed282975-74fb-4189-aa8d-0344590739b8}</UniqueIdentifier>
    </Filter>
  </ItemGroup>
  <ItemGroup>
    <ClCompile Include="main.cpp">
      <Filter>win32</Filter>
    </ClCompile>
    <ClCompile Include="..\Classes\jsoncpp-master\src\lib_json\json_reader.cpp">
      <Filter>json</Filter>
    </ClCompile>
    <ClCompile Include="..\Classes\jsoncpp-master\src\lib_json\json_value.cpp">
      <Filter>json</Filter>
    </ClCompile>
    <ClCompile Include="..\Classes\jsoncpp-master\src\lib_json\json_writer.cpp">
      <Filter>json</Filter>
    </ClCompile>
    <ClCompile Include="..\Classes\CollectionSceneTest.cpp">
      <Filter>src\Scenes\SceneTest</Filter>
    </ClCompile>
    <ClCompile Include="..\Classes\PlaySceneTest.cpp">
      <Filter>src\Scenes\SceneTest</Filter>
    </ClCompile>
    <ClCompile Include="..\Classes\SettingSceneTest.cpp">
      <Filter>src\Scenes\SceneTest</Filter>
    </ClCompile>
    <ClCompile Include="..\Classes\card.cpp">
      <Filter>src\Data Interface</Filter>
    </ClCompile>
    <ClCompile Include="..\Classes\leaderCard.cpp">
      <Filter>src\Data Interface</Filter>
    </ClCompile>
    <ClCompile Include="..\Classes\CardSprite.cpp">
      <Filter>src\GUI tools</Filter>
    </ClCompile>
    <ClCompile Include="..\Classes\AppDelegate.cpp">
      <Filter>src\Main</Filter>
    </ClCompile>
    <ClCompile Include="..\Classes\HelloWorldScene.cpp">
      <Filter>src\Main</Filter>
    </ClCompile>
    <ClCompile Include="..\Classes\CardSpriteTest.cpp">
      <Filter>src\Scenes\SceneTest</Filter>
    </ClCompile>
    <ClCompile Include="..\Classes\MainScene.cpp">
      <Filter>src\Scenes</Filter>
    </ClCompile>
    <ClCompile Include="..\Classes\BattleInfoManagerTest.cpp">
      <Filter>src\BattleInfoAPI</Filter>
    </ClCompile>
    <ClCompile Include="..\Classes\SinglePlayScene.cpp">
      <Filter>src\Scenes\PlayScene</Filter>
    </ClCompile>
    <ClCompile Include="..\Classes\CardEffectManager.cpp">
      <Filter>src\BattleInfoAPI</Filter>
    </ClCompile>
    <ClCompile Include="..\Classes\BattleInfoManager.cpp">
      <Filter>src\BattleInfoAPI</Filter>
    </ClCompile>
    <ClCompile Include="..\Classes\PlayPreparationScene.cpp">
      <Filter>src\Scenes\PlayScene</Filter>
    </ClCompile>
    <ClCompile Include="..\Classes\cardCollections.cpp">
      <Filter>src\Data Interface</Filter>
    </ClCompile>
    <ClCompile Include="..\Classes\CardCollectionScene0.cpp">
      <Filter>src\Scenes\CardCollectionScenes</Filter>
    </ClCompile>
    <ClCompile Include="..\Classes\CardCollectionScene1.cpp">
      <Filter>src\Scenes\CardCollectionScenes</Filter>
    </ClCompile>
    <ClCompile Include="..\Classes\CardCollectionScene2.cpp">
      <Filter>src\Scenes\CardCollectionScenes</Filter>
    </ClCompile>
    <ClCompile Include="..\Classes\LeaderCardSprite.cpp">
      <Filter>src\GUI tools</Filter>
    </ClCompile>
    <ClCompile Include="..\Classes\collectionInstance.cpp">
      <Filter>src\Data Interface</Filter>
    </ClCompile>
    <ClCompile Include="..\Classes\MatchDirector.cpp">
      <Filter>src\BattleInfoAPI</Filter>
    </ClCompile>
    <ClCompile Include="..\Classes\AI.cpp">
      <Filter>src\AI</Filter>
    </ClCompile>
  </ItemGroup>
  <ItemGroup>
    <ClInclude Include="main.h">
      <Filter>win32</Filter>
    </ClInclude>
    <ClInclude Include="..\Classes\jsoncpp-master\include\json\allocator.h">
      <Filter>json</Filter>
    </ClInclude>
    <ClInclude Include="..\Classes\jsoncpp-master\include\json\assertions.h">
      <Filter>json</Filter>
    </ClInclude>
    <ClInclude Include="..\Classes\jsoncpp-master\include\json\autolink.h">
      <Filter>json</Filter>
    </ClInclude>
    <ClInclude Include="..\Classes\jsoncpp-master\include\json\config.h">
      <Filter>json</Filter>
    </ClInclude>
    <ClInclude Include="..\Classes\jsoncpp-master\include\json\features.h">
      <Filter>json</Filter>
    </ClInclude>
    <ClInclude Include="..\Classes\jsoncpp-master\include\json\forwards.h">
      <Filter>json</Filter>
    </ClInclude>
    <ClInclude Include="..\Classes\jsoncpp-master\include\json\json.h">
      <Filter>json</Filter>
    </ClInclude>
    <ClInclude Include="..\Classes\jsoncpp-master\include\json\reader.h">
      <Filter>json</Filter>
    </ClInclude>
    <ClInclude Include="..\Classes\jsoncpp-master\include\json\value.h">
      <Filter>json</Filter>
    </ClInclude>
    <ClInclude Include="..\Classes\jsoncpp-master\include\json\version.h">
      <Filter>json</Filter>
    </ClInclude>
    <ClInclude Include="..\Classes\jsoncpp-master\include\json\writer.h">
      <Filter>json</Filter>
    </ClInclude>
    <ClInclude Include="..\Classes\jsoncpp-master\src\lib_json\json_tool.h">
      <Filter>json</Filter>
    </ClInclude>
    <ClInclude Include="..\Classes\CollectionSceneTest.h">
      <Filter>src\Scenes\SceneTest</Filter>
    </ClInclude>
    <ClInclude Include="..\Classes\PlaySceneTest.h">
      <Filter>src\Scenes\SceneTest</Filter>
    </ClInclude>
    <ClInclude Include="..\Classes\SettingSceneTest.h">
      <Filter>src\Scenes\SceneTest</Filter>
    </ClInclude>
    <ClInclude Include="..\Classes\card.h">
      <Filter>src\Data Interface</Filter>
    </ClInclude>
    <ClInclude Include="..\Classes\leaderCard.h">
      <Filter>src\Data Interface</Filter>
    </ClInclude>
    <ClInclude Include="..\Classes\CardSprite.h">
      <Filter>src\GUI tools</Filter>
    </ClInclude>
    <ClInclude Include="..\Classes\AppDelegate.h">
      <Filter>src\Main</Filter>
    </ClInclude>
    <ClInclude Include="..\Classes\HelloWorldScene.h">
      <Filter>src\Main</Filter>
    </ClInclude>
    <ClInclude Include="..\Classes\CardSpriteTest.h">
      <Filter>src\Scenes\SceneTest</Filter>
    </ClInclude>
    <ClInclude Include="..\Classes\MainScene.h">
      <Filter>src\Scenes</Filter>
    </ClInclude>
    <ClInclude Include="..\Classes\BattleInfoManagerTest.h">
      <Filter>src\BattleInfoAPI</Filter>
    </ClInclude>
    <ClInclude Include="..\Classes\SinglePlayScene.h">
      <Filter>src\Scenes\PlayScene</Filter>
    </ClInclude>
    <ClInclude Include="..\Classes\BattleInfoManager.h">
      <Filter>src\BattleInfoAPI</Filter>
    </ClInclude>
    <ClInclude Include="..\Classes\CardEffectManager.h">
      <Filter>src\BattleInfoAPI</Filter>
    </ClInclude>
    <ClInclude Include="..\Classes\PlayPreparationScene.h">
      <Filter>src\Scenes\PlayScene</Filter>
    </ClInclude>
    <ClInclude Include="..\Classes\cardCollections.h">
      <Filter>src\Data Interface</Filter>
    </ClInclude>
    <ClInclude Include="..\Classes\CardCollectionScene0.h">
      <Filter>src\Scenes\CardCollectionScenes</Filter>
    </ClInclude>
    <ClInclude Include="..\Classes\CardCollectionScene1.h">
      <Filter>src\Scenes\CardCollectionScenes</Filter>
    </ClInclude>
    <ClInclude Include="..\Classes\CardCollectionScene2.h">
      <Filter>src\Scenes\CardCollectionScenes</Filter>
    </ClInclude>
    <ClInclude Include="..\Classes\LeaderCardSprite.h">
      <Filter>src\GUI tools</Filter>
    </ClInclude>
    <ClInclude Include="..\Classes\collectionInstance.h">
      <Filter>src\Data Interface</Filter>
    </ClInclude>
    <ClInclude Include="..\Classes\MatchDirector.h">
      <Filter>src\BattleInfoAPI</Filter>
    </ClInclude>
    <ClInclude Include="..\Classes\AI.h">
      <Filter>src\AI</Filter>
    </ClInclude>
  </ItemGroup>
  <ItemGroup>
    <ResourceCompile Include="game.rc">
      <Filter>resource</Filter>
    </ResourceCompile>
  </ItemGroup>
  <ItemGroup>
    <Text Include="..\Classes\jsoncpp-master\src\lib_json\CMakeLists.txt">
      <Filter>json</Filter>
    </Text>
  </ItemGroup>
  <ItemGroup>
    <None Include="..\Classes\jsoncpp-master\src\lib_json\json_valueiterator.inl">
      <Filter>json</Filter>
    </None>
    <None Include="..\Classes\jsoncpp-master\src\lib_json\sconscript">
      <Filter>json</Filter>
    </None>
    <None Include="..\Classes\jsoncpp-master\src\lib_json\version.h.in">
      <Filter>json</Filter>
    </None>
    <None Include="..\Resources\CardPoolDatabase.json">
      <Filter>resource</Filter>
    </None>
    <None Include="ClassDiagram.cd" />
  </ItemGroup>
</Project>